// !$*UTF8*$!
{
	archiveVersion = 1;
	classes = {
	};
	objectVersion = 50;
	objects = {

/* Begin PBXBuildFile section */
		356E420726372CF000DE8317 /* SwiftUICoreDataApp.swift in Sources */ = {isa = PBXBuildFile; fileRef = 356E420626372CF000DE8317 /* SwiftUICoreDataApp.swift */; };
		356E420926372CF000DE8317 /* ContentView.swift in Sources */ = {isa = PBXBuildFile; fileRef = 356E420826372CF000DE8317 /* ContentView.swift */; };
		356E420B26372CF100DE8317 /* Assets.xcassets in Resources */ = {isa = PBXBuildFile; fileRef = 356E420A26372CF100DE8317 /* Assets.xcassets */; };
		356E420E26372CF100DE8317 /* Preview Assets.xcassets in Resources */ = {isa = PBXBuildFile; fileRef = 356E420D26372CF100DE8317 /* Preview Assets.xcassets */; };
		356E421926372CF200DE8317 /* SwiftUICoreDataTests.swift in Sources */ = {isa = PBXBuildFile; fileRef = 356E421826372CF200DE8317 /* SwiftUICoreDataTests.swift */; };
		356E422426372CF200DE8317 /* SwiftUICoreDataUITests.swift in Sources */ = {isa = PBXBuildFile; fileRef = 356E422326372CF200DE8317 /* SwiftUICoreDataUITests.swift */; };
/* End PBXBuildFile section */

/* Begin PBXContainerItemProxy section */
		356E421526372CF100DE8317 /* PBXContainerItemProxy */ = {
			isa = PBXContainerItemProxy;
			containerPortal = 356E41FB26372CF000DE8317 /* Project object */;
			proxyType = 1;
			remoteGlobalIDString = 356E420226372CF000DE8317;
			remoteInfo = SwiftUICoreData;
		};
		356E422026372CF200DE8317 /* PBXContainerItemProxy */ = {
			isa = PBXContainerItemProxy;
			containerPortal = 356E41FB26372CF000DE8317 /* Project object */;
			proxyType = 1;
			remoteGlobalIDString = 356E420226372CF000DE8317;
			remoteInfo = SwiftUICoreData;
		};
/* End PBXContainerItemProxy section */

/* Begin PBXFileReference section */
		356E420326372CF000DE8317 /* SwiftUICoreData.app */ = {isa = PBXFileReference; explicitFileType = wrapper.application; includeInIndex = 0; path = SwiftUICoreData.app; sourceTree = BUILT_PRODUCTS_DIR; };
		356E420626372CF000DE8317 /* SwiftUICoreDataApp.swift */ = {isa = PBXFileReference; lastKnownFileType = sourcecode.swift; path = SwiftUICoreDataApp.swift; sourceTree = "<group>"; };
		356E420826372CF000DE8317 /* ContentView.swift */ = {isa = PBXFileReference; lastKnownFileType = sourcecode.swift; path = ContentView.swift; sourceTree = "<group>"; };
		356E420A26372CF100DE8317 /* Assets.xcassets */ = {isa = PBXFileReference; lastKnownFileType = folder.assetcatalog; path = Assets.xcassets; sourceTree = "<group>"; };
		356E420D26372CF100DE8317 /* Preview Assets.xcassets */ = {isa = PBXFileReference; lastKnownFileType = folder.assetcatalog; path = "Preview Assets.xcassets"; sourceTree = "<group>"; };
		356E420F26372CF100DE8317 /* Info.plist */ = {isa = PBXFileReference; lastKnownFileType = text.plist.xml; path = Info.plist; sourceTree = "<group>"; };
		356E421426372CF100DE8317 /* SwiftUICoreDataTests.xctest */ = {isa = PBXFileReference; explicitFileType = wrapper.cfbundle; includeInIndex = 0; path = SwiftUICoreDataTests.xctest; sourceTree = BUILT_PRODUCTS_DIR; };
		356E421826372CF200DE8317 /* SwiftUICoreDataTests.swift */ = {isa = PBXFileReference; lastKnownFileType = sourcecode.swift; path = SwiftUICoreDataTests.swift; sourceTree = "<group>"; };
		356E421A26372CF200DE8317 /* Info.plist */ = {isa = PBXFileReference; lastKnownFileType = text.plist.xml; path = Info.plist; sourceTree = "<group>"; };
		356E421F26372CF200DE8317 /* SwiftUICoreDataUITests.xctest */ = {isa = PBXFileReference; explicitFileType = wrapper.cfbundle; includeInIndex = 0; path = SwiftUICoreDataUITests.xctest; sourceTree = BUILT_PRODUCTS_DIR; };
		356E422326372CF200DE8317 /* SwiftUICoreDataUITests.swift */ = {isa = PBXFileReference; lastKnownFileType = sourcecode.swift; path = SwiftUICoreDataUITests.swift; sourceTree = "<group>"; };
		356E422526372CF200DE8317 /* Info.plist */ = {isa = PBXFileReference; lastKnownFileType = text.plist.xml; path = Info.plist; sourceTree = "<group>"; };
/* End PBXFileReference section */

/* Begin PBXFrameworksBuildPhase section */
		356E420026372CF000DE8317 /* Frameworks */ = {
			isa = PBXFrameworksBuildPhase;
			buildActionMask = 2147483647;
			files = (
			);
			runOnlyForDeploymentPostprocessing = 0;
		};
		356E421126372CF100DE8317 /* Frameworks */ = {
			isa = PBXFrameworksBuildPhase;
			buildActionMask = 2147483647;
			files = (
			);
			runOnlyForDeploymentPostprocessing = 0;
		};
		356E421C26372CF200DE8317 /* Frameworks */ = {
			isa = PBXFrameworksBuildPhase;
			buildActionMask = 2147483647;
			files = (
			);
			runOnlyForDeploymentPostprocessing = 0;
		};
/* End PBXFrameworksBuildPhase section */

/* Begin PBXGroup section */
		356E41FA26372CF000DE8317 = {
			isa = PBXGroup;
			children = (
				356E420526372CF000DE8317 /* SwiftUICoreData */,
				356E421726372CF200DE8317 /* SwiftUICoreDataTests */,
				356E422226372CF200DE8317 /* SwiftUICoreDataUITests */,
				356E420426372CF000DE8317 /* Products */,
			);
			sourceTree = "<group>";
		};
		356E420426372CF000DE8317 /* Products */ = {
			isa = PBXGroup;
			children = (
				356E420326372CF000DE8317 /* SwiftUICoreData.app */,
				356E421426372CF100DE8317 /* SwiftUICoreDataTests.xctest */,
				356E421F26372CF200DE8317 /* SwiftUICoreDataUITests.xctest */,
			);
			name = Products;
			sourceTree = "<group>";
		};
		356E420526372CF000DE8317 /* SwiftUICoreData */ = {
			isa = PBXGroup;
			children = (
				356E420626372CF000DE8317 /* SwiftUICoreDataApp.swift */,
				356E420826372CF000DE8317 /* ContentView.swift */,
				356E420A26372CF100DE8317 /* Assets.xcassets */,
				356E420F26372CF100DE8317 /* Info.plist */,
				356E420C26372CF100DE8317 /* Preview Content */,
			);
			path = SwiftUICoreData;
			sourceTree = "<group>";
		};
		356E420C26372CF100DE8317 /* Preview Content */ = {
			isa = PBXGroup;
			children = (
				356E420D26372CF100DE8317 /* Preview Assets.xcassets */,
			);
			path = "Preview Content";
			sourceTree = "<group>";
		};
		356E421726372CF200DE8317 /* SwiftUICoreDataTests */ = {
			isa = PBXGroup;
			children = (
				356E421826372CF200DE8317 /* SwiftUICoreDataTests.swift */,
				356E421A26372CF200DE8317 /* Info.plist */,
			);
			path = SwiftUICoreDataTests;
			sourceTree = "<group>";
		};
		356E422226372CF200DE8317 /* SwiftUICoreDataUITests */ = {
			isa = PBXGroup;
			children = (
				356E422326372CF200DE8317 /* SwiftUICoreDataUITests.swift */,
				356E422526372CF200DE8317 /* Info.plist */,
			);
			path = SwiftUICoreDataUITests;
			sourceTree = "<group>";
		};
/* End PBXGroup section */

/* Begin PBXNativeTarget section */
		356E420226372CF000DE8317 /* SwiftUICoreData */ = {
			isa = PBXNativeTarget;
			buildConfigurationList = 356E422826372CF200DE8317 /* Build configuration list for PBXNativeTarget "SwiftUICoreData" */;
			buildPhases = (
				356E41FF26372CF000DE8317 /* Sources */,
				356E420026372CF000DE8317 /* Frameworks */,
				356E420126372CF000DE8317 /* Resources */,
			);
			buildRules = (
			);
			dependencies = (
			);
			name = SwiftUICoreData;
			productName = SwiftUICoreData;
			productReference = 356E420326372CF000DE8317 /* SwiftUICoreData.app */;
			productType = "com.apple.product-type.application";
		};
		356E421326372CF100DE8317 /* SwiftUICoreDataTests */ = {
			isa = PBXNativeTarget;
			buildConfigurationList = 356E422B26372CF200DE8317 /* Build configuration list for PBXNativeTarget "SwiftUICoreDataTests" */;
			buildPhases = (
				356E421026372CF100DE8317 /* Sources */,
				356E421126372CF100DE8317 /* Frameworks */,
				356E421226372CF100DE8317 /* Resources */,
			);
			buildRules = (
			);
			dependencies = (
				356E421626372CF100DE8317 /* PBXTargetDependency */,
			);
			name = SwiftUICoreDataTests;
			productName = SwiftUICoreDataTests;
			productReference = 356E421426372CF100DE8317 /* SwiftUICoreDataTests.xctest */;
			productType = "com.apple.product-type.bundle.unit-test";
		};
		356E421E26372CF200DE8317 /* SwiftUICoreDataUITests */ = {
			isa = PBXNativeTarget;
			buildConfigurationList = 356E422E26372CF200DE8317 /* Build configuration list for PBXNativeTarget "SwiftUICoreDataUITests" */;
			buildPhases = (
				356E421B26372CF200DE8317 /* Sources */,
				356E421C26372CF200DE8317 /* Frameworks */,
				356E421D26372CF200DE8317 /* Resources */,
			);
			buildRules = (
			);
			dependencies = (
				356E422126372CF200DE8317 /* PBXTargetDependency */,
			);
			name = SwiftUICoreDataUITests;
			productName = SwiftUICoreDataUITests;
			productReference = 356E421F26372CF200DE8317 /* SwiftUICoreDataUITests.xctest */;
			productType = "com.apple.product-type.bundle.ui-testing";
		};
/* End PBXNativeTarget section */

/* Begin PBXProject section */
		356E41FB26372CF000DE8317 /* Project object */ = {
			isa = PBXProject;
			attributes = {
				LastSwiftUpdateCheck = 1240;
				LastUpgradeCheck = 1240;
				TargetAttributes = {
					356E420226372CF000DE8317 = {
						CreatedOnToolsVersion = 12.4;
					};
					356E421326372CF100DE8317 = {
						CreatedOnToolsVersion = 12.4;
						TestTargetID = 356E420226372CF000DE8317;
					};
					356E421E26372CF200DE8317 = {
						CreatedOnToolsVersion = 12.4;
						TestTargetID = 356E420226372CF000DE8317;
					};
				};
			};
			buildConfigurationList = 356E41FE26372CF000DE8317 /* Build configuration list for PBXProject "SwiftUICoreData" */;
			compatibilityVersion = "Xcode 9.3";
			developmentRegion = en;
			hasScannedForEncodings = 0;
			knownRegions = (
				en,
				Base,
			);
			mainGroup = 356E41FA26372CF000DE8317;
			productRefGroup = 356E420426372CF000DE8317 /* Products */;
			projectDirPath = "";
			projectRoot = "";
			targets = (
				356E420226372CF000DE8317 /* SwiftUICoreData */,
				356E421326372CF100DE8317 /* SwiftUICoreDataTests */,
				356E421E26372CF200DE8317 /* SwiftUICoreDataUITests */,
			);
		};
/* End PBXProject section */

/* Begin PBXResourcesBuildPhase section */
		356E420126372CF000DE8317 /* Resources */ = {
			isa = PBXResourcesBuildPhase;
			buildActionMask = 2147483647;
			files = (
				356E420E26372CF100DE8317 /* Preview Assets.xcassets in Resources */,
				356E420B26372CF100DE8317 /* Assets.xcassets in Resources */,
			);
			runOnlyForDeploymentPostprocessing = 0;
		};
		356E421226372CF100DE8317 /* Resources */ = {
			isa = PBXResourcesBuildPhase;
			buildActionMask = 2147483647;
			files = (
			);
			runOnlyForDeploymentPostprocessing = 0;
		};
		356E421D26372CF200DE8317 /* Resources */ = {
			isa = PBXResourcesBuildPhase;
			buildActionMask = 2147483647;
			files = (
			);
			runOnlyForDeploymentPostprocessing = 0;
		};
/* End PBXResourcesBuildPhase section */

/* Begin PBXSourcesBuildPhase section */
		356E41FF26372CF000DE8317 /* Sources */ = {
			isa = PBXSourcesBuildPhase;
			buildActionMask = 2147483647;
			files = (
				356E420926372CF000DE8317 /* ContentView.swift in Sources */,
				356E420726372CF000DE8317 /* SwiftUICoreDataApp.swift in Sources */,
			);
			runOnlyForDeploymentPostprocessing = 0;
		};
		356E421026372CF100DE8317 /* Sources */ = {
			isa = PBXSourcesBuildPhase;
			buildActionMask = 2147483647;
			files = (
				356E421926372CF200DE8317 /* SwiftUICoreDataTests.swift in Sources */,
			);
			runOnlyForDeploymentPostprocessing = 0;
		};
		356E421B26372CF200DE8317 /* Sources */ = {
			isa = PBXSourcesBuildPhase;
			buildActionMask = 2147483647;
			files = (
				356E422426372CF200DE8317 /* SwiftUICoreDataUITests.swift in Sources */,
			);
			runOnlyForDeploymentPostprocessing = 0;
		};
/* End PBXSourcesBuildPhase section */

/* Begin PBXTargetDependency section */
		356E421626372CF100DE8317 /* PBXTargetDependency */ = {
			isa = PBXTargetDependency;
			target = 356E420226372CF000DE8317 /* SwiftUICoreData */;
			targetProxy = 356E421526372CF100DE8317 /* PBXContainerItemProxy */;
		};
		356E422126372CF200DE8317 /* PBXTargetDependency */ = {
			isa = PBXTargetDependency;
			target = 356E420226372CF000DE8317 /* SwiftUICoreData */;
			targetProxy = 356E422026372CF200DE8317 /* PBXContainerItemProxy */;
		};
/* End PBXTargetDependency section */

/* Begin XCBuildConfiguration section */
		356E422626372CF200DE8317 /* Debug */ = {
			isa = XCBuildConfiguration;
			buildSettings = {
				ALWAYS_SEARCH_USER_PATHS = NO;
				CLANG_ANALYZER_NONNULL = YES;
				CLANG_ANALYZER_NUMBER_OBJECT_CONVERSION = YES_AGGRESSIVE;
				CLANG_CXX_LANGUAGE_STANDARD = "gnu++14";
				CLANG_CXX_LIBRARY = "libc++";
				CLANG_ENABLE_MODULES = YES;
				CLANG_ENABLE_OBJC_ARC = YES;
				CLANG_ENABLE_OBJC_WEAK = YES;
				CLANG_WARN_BLOCK_CAPTURE_AUTORELEASING = YES;
				CLANG_WARN_BOOL_CONVERSION = YES;
				CLANG_WARN_COMMA = YES;
				CLANG_WARN_CONSTANT_CONVERSION = YES;
				CLANG_WARN_DEPRECATED_OBJC_IMPLEMENTATIONS = YES;
				CLANG_WARN_DIRECT_OBJC_ISA_USAGE = YES_ERROR;
				CLANG_WARN_DOCUMENTATION_COMMENTS = YES;
				CLANG_WARN_EMPTY_BODY = YES;
				CLANG_WARN_ENUM_CONVERSION = YES;
				CLANG_WARN_INFINITE_RECURSION = YES;
				CLANG_WARN_INT_CONVERSION = YES;
				CLANG_WARN_NON_LITERAL_NULL_CONVERSION = YES;
				CLANG_WARN_OBJC_IMPLICIT_RETAIN_SELF = YES;
				CLANG_WARN_OBJC_LITERAL_CONVERSION = YES;
				CLANG_WARN_OBJC_ROOT_CLASS = YES_ERROR;
				CLANG_WARN_QUOTED_INCLUDE_IN_FRAMEWORK_HEADER = YES;
				CLANG_WARN_RANGE_LOOP_ANALYSIS = YES;
				CLANG_WARN_STRICT_PROTOTYPES = YES;
				CLANG_WARN_SUSPICIOUS_MOVE = YES;
				CLANG_WARN_UNGUARDED_AVAILABILITY = YES_AGGRESSIVE;
				CLANG_WARN_UNREACHABLE_CODE = YES;
				CLANG_WARN__DUPLICATE_METHOD_MATCH = YES;
				COPY_PHASE_STRIP = NO;
				DEBUG_INFORMATION_FORMAT = dwarf;
				ENABLE_STRICT_OBJC_MSGSEND = YES;
				ENABLE_TESTABILITY = YES;
				GCC_C_LANGUAGE_STANDARD = gnu11;
				GCC_DYNAMIC_NO_PIC = NO;
				GCC_NO_COMMON_BLOCKS = YES;
				GCC_OPTIMIZATION_LEVEL = 0;
				GCC_PREPROCESSOR_DEFINITIONS = (
					"DEBUG=1",
					"$(inherited)",
				);
				GCC_WARN_64_TO_32_BIT_CONVERSION = YES;
				GCC_WARN_ABOUT_RETURN_TYPE = YES_ERROR;
				GCC_WARN_UNDECLARED_SELECTOR = YES;
				GCC_WARN_UNINITIALIZED_AUTOS = YES_AGGRESSIVE;
				GCC_WARN_UNUSED_FUNCTION = YES;
				GCC_WARN_UNUSED_VARIABLE = YES;
				IPHONEOS_DEPLOYMENT_TARGET = 14.4;
				MTL_ENABLE_DEBUG_INFO = INCLUDE_SOURCE;
				MTL_FAST_MATH = YES;
				ONLY_ACTIVE_ARCH = YES;
				SDKROOT = iphoneos;
				SWIFT_ACTIVE_COMPILATION_CONDITIONS = DEBUG;
				SWIFT_OPTIMIZATION_LEVEL = "-Onone";
			};
			name = Debug;
		};
		356E422726372CF200DE8317 /* Release */ = {
			isa = XCBuildConfiguration;
			buildSettings = {
				ALWAYS_SEARCH_USER_PATHS = NO;
				CLANG_ANALYZER_NONNULL = YES;
				CLANG_ANALYZER_NUMBER_OBJECT_CONVERSION = YES_AGGRESSIVE;
				CLANG_CXX_LANGUAGE_STANDARD = "gnu++14";
				CLANG_CXX_LIBRARY = "libc++";
				CLANG_ENABLE_MODULES = YES;
				CLANG_ENABLE_OBJC_ARC = YES;
				CLANG_ENABLE_OBJC_WEAK = YES;
				CLANG_WARN_BLOCK_CAPTURE_AUTORELEASING = YES;
				CLANG_WARN_BOOL_CONVERSION = YES;
				CLANG_WARN_COMMA = YES;
				CLANG_WARN_CONSTANT_CONVERSION = YES;
				CLANG_WARN_DEPRECATED_OBJC_IMPLEMENTATIONS = YES;
				CLANG_WARN_DIRECT_OBJC_ISA_USAGE = YES_ERROR;
				CLANG_WARN_DOCUMENTATION_COMMENTS = YES;
				CLANG_WARN_EMPTY_BODY = YES;
				CLANG_WARN_ENUM_CONVERSION = YES;
				CLANG_WARN_INFINITE_RECURSION = YES;
				CLANG_WARN_INT_CONVERSION = YES;
				CLANG_WARN_NON_LITERAL_NULL_CONVERSION = YES;
				CLANG_WARN_OBJC_IMPLICIT_RETAIN_SELF = YES;
				CLANG_WARN_OBJC_LITERAL_CONVERSION = YES;
				CLANG_WARN_OBJC_ROOT_CLASS = YES_ERROR;
				CLANG_WARN_QUOTED_INCLUDE_IN_FRAMEWORK_HEADER = YES;
				CLANG_WARN_RANGE_LOOP_ANALYSIS = YES;
				CLANG_WARN_STRICT_PROTOTYPES = YES;
				CLANG_WARN_SUSPICIOUS_MOVE = YES;
				CLANG_WARN_UNGUARDED_AVAILABILITY = YES_AGGRESSIVE;
				CLANG_WARN_UNREACHABLE_CODE = YES;
				CLANG_WARN__DUPLICATE_METHOD_MATCH = YES;
				COPY_PHASE_STRIP = NO;
				DEBUG_INFORMATION_FORMAT = "dwarf-with-dsym";
				ENABLE_NS_ASSERTIONS = NO;
				ENABLE_STRICT_OBJC_MSGSEND = YES;
				GCC_C_LANGUAGE_STANDARD = gnu11;
				GCC_NO_COMMON_BLOCKS = YES;
				GCC_WARN_64_TO_32_BIT_CONVERSION = YES;
				GCC_WARN_ABOUT_RETURN_TYPE = YES_ERROR;
				GCC_WARN_UNDECLARED_SELECTOR = YES;
				GCC_WARN_UNINITIALIZED_AUTOS = YES_AGGRESSIVE;
				GCC_WARN_UNUSED_FUNCTION = YES;
				GCC_WARN_UNUSED_VARIABLE = YES;
				IPHONEOS_DEPLOYMENT_TARGET = 14.4;
				MTL_ENABLE_DEBUG_INFO = NO;
				MTL_FAST_MATH = YES;
				SDKROOT = iphoneos;
				SWIFT_COMPILATION_MODE = wholemodule;
				SWIFT_OPTIMIZATION_LEVEL = "-O";
				VALIDATE_PRODUCT = YES;
			};
			name = Release;
		};
		356E422926372CF200DE8317 /* Debug */ = {
			isa = XCBuildConfiguration;
			buildSettings = {
				ASSETCATALOG_COMPILER_APPICON_NAME = AppIcon;
				ASSETCATALOG_COMPILER_GLOBAL_ACCENT_COLOR_NAME = AccentColor;
				CODE_SIGN_STYLE = Automatic;
				DEVELOPMENT_ASSET_PATHS = "\"SwiftUICoreData/Preview Content\"";
				DEVELOPMENT_TEAM = UZA69USP48;
				ENABLE_PREVIEWS = YES;
				INFOPLIST_FILE = SwiftUICoreData/Info.plist;
				IPHONEOS_DEPLOYMENT_TARGET = 14.0;
				LD_RUNPATH_SEARCH_PATHS = (
					"$(inherited)",
					"@executable_path/Frameworks",
				);
				PRODUCT_BUNDLE_IDENTIFIER = com.SiddharthPande.SwiftUICoreData;
				PRODUCT_NAME = "$(TARGET_NAME)";
				SWIFT_VERSION = 5.0;
				TARGETED_DEVICE_FAMILY = "1,2";
			};
			name = Debug;
		};
		356E422A26372CF200DE8317 /* Release */ = {
			isa = XCBuildConfiguration;
			buildSettings = {
				ASSETCATALOG_COMPILER_APPICON_NAME = AppIcon;
				ASSETCATALOG_COMPILER_GLOBAL_ACCENT_COLOR_NAME = AccentColor;
				CODE_SIGN_STYLE = Automatic;
				DEVELOPMENT_ASSET_PATHS = "\"SwiftUICoreData/Preview Content\"";
				DEVELOPMENT_TEAM = UZA69USP48;
				ENABLE_PREVIEWS = YES;
				INFOPLIST_FILE = SwiftUICoreData/Info.plist;
				IPHONEOS_DEPLOYMENT_TARGET = 14.0;
				LD_RUNPATH_SEARCH_PATHS = (
					"$(inherited)",
					"@executable_path/Frameworks",
				);
				PRODUCT_BUNDLE_IDENTIFIER = com.SiddharthPande.SwiftUICoreData;
				PRODUCT_NAME = "$(TARGET_NAME)";
				SWIFT_VERSION = 5.0;
				TARGETED_DEVICE_FAMILY = "1,2";
			};
			name = Release;
		};
		356E422C26372CF200DE8317 /* Debug */ = {
			isa = XCBuildConfiguration;
			buildSettings = {
				ALWAYS_EMBED_SWIFT_STANDARD_LIBRARIES = YES;
				BUNDLE_LOADER = "$(TEST_HOST)";
				CODE_SIGN_STYLE = Automatic;
				DEVELOPMENT_TEAM = UZA69USP48;
				INFOPLIST_FILE = SwiftUICoreDataTests/Info.plist;
				IPHONEOS_DEPLOYMENT_TARGET = 14.0;
				LD_RUNPATH_SEARCH_PATHS = (
					"$(inherited)",
					"@executable_path/Frameworks",
					"@loader_path/Frameworks",
				);
				PRODUCT_BUNDLE_IDENTIFIER = com.SiddharthPande.SwiftUICoreDataTests;
				PRODUCT_NAME = "$(TARGET_NAME)";
				SWIFT_VERSION = 5.0;
				TARGETED_DEVICE_FAMILY = "1,2";
				TEST_HOST = "$(BUILT_PRODUCTS_DIR)/SwiftUICoreData.app/SwiftUICoreData";
			};
			name = Debug;
		};
		356E422D26372CF200DE8317 /* Release */ = {
			isa = XCBuildConfiguration;
			buildSettings = {
				ALWAYS_EMBED_SWIFT_STANDARD_LIBRARIES = YES;
				BUNDLE_LOADER = "$(TEST_HOST)";
				CODE_SIGN_STYLE = Automatic;
				DEVELOPMENT_TEAM = UZA69USP48;
				INFOPLIST_FILE = SwiftUICoreDataTests/Info.plist;
				IPHONEOS_DEPLOYMENT_TARGET = 14.0;
				LD_RUNPATH_SEARCH_PATHS = (
					"$(inherited)",
					"@executable_path/Frameworks",
					"@loader_path/Frameworks",
				);
				PRODUCT_BUNDLE_IDENTIFIER = com.SiddharthPande.SwiftUICoreDataTests;
				PRODUCT_NAME = "$(TARGET_NAME)";
				SWIFT_VERSION = 5.0;
				TARGETED_DEVICE_FAMILY = "1,2";
				TEST_HOST = "$(BUILT_PRODUCTS_DIR)/SwiftUICoreData.app/SwiftUICoreData";
			};
			name = Release;
		};
		356E422F26372CF200DE8317 /* Debug */ = {
			isa = XCBuildConfiguration;
			buildSettings = {
				ALWAYS_EMBED_SWIFT_STANDARD_LIBRARIES = YES;
				CODE_SIGN_STYLE = Automatic;
				DEVELOPMENT_TEAM = UZA69USP48;
				INFOPLIST_FILE = SwiftUICoreDataUITests/Info.plist;
				LD_RUNPATH_SEARCH_PATHS = (
					"$(inherited)",
					"@executable_path/Frameworks",
					"@loader_path/Frameworks",
				);
				PRODUCT_BUNDLE_IDENTIFIER = com.SiddharthPande.SwiftUICoreDataUITests;
				PRODUCT_NAME = "$(TARGET_NAME)";
				SWIFT_VERSION = 5.0;
				TARGETED_DEVICE_FAMILY = "1,2";
				TEST_TARGET_NAME = SwiftUICoreData;
			};
			name = Debug;
		};
		356E423026372CF200DE8317 /* Release */ = {
			isa = XCBuildConfiguration;
			buildSettings = {
				ALWAYS_EMBED_SWIFT_STANDARD_LIBRARIES = YES;
				CODE_SIGN_STYLE = Automatic;
				DEVELOPMENT_TEAM = UZA69USP48;
				INFOPLIST_FILE = SwiftUICoreDataUITests/Info.plist;
				LD_RUNPATH_SEARCH_PATHS = (
					"$(inherited)",
					"@executable_path/Frameworks",
					"@loader_path/Frameworks",
				);
				PRODUCT_BUNDLE_IDENTIFIER = com.SiddharthPande.SwiftUICoreDataUITests;
				PRODUCT_NAME = "$(TARGET_NAME)";
				SWIFT_VERSION = 5.0;
				TARGETED_DEVICE_FAMILY = "1,2";
				TEST_TARGET_NAME = SwiftUICoreData;
			};
			name = Release;
		};
/* End XCBuildConfiguration section */

/* Begin XCConfigurationList section */
		356E41FE26372CF000DE8317 /* Build configuration list for PBXProject "SwiftUICoreData" */ = {
			isa = XCConfigurationList;
			buildConfigurations = (
				356E422626372CF200DE8317 /* Debug */,
				356E422726372CF200DE8317 /* Release */,
			);
			defaultConfigurationIsVisible = 0;
			defaultConfigurationName = Release;
		};
		356E422826372CF200DE8317 /* Build configuration list for PBXNativeTarget "SwiftUICoreData" */ = {
			isa = XCConfigurationList;
			buildConfigurations = (
				356E422926372CF200DE8317 /* Debug */,
				356E422A26372CF200DE8317 /* Release */,
			);
			defaultConfigurationIsVisible = 0;
			defaultConfigurationName = Release;
		};
		356E422B26372CF200DE8317 /* Build configuration list for PBXNativeTarget "SwiftUICoreDataTests" */ = {
			isa = XCConfigurationList;
			buildConfigurations = (
				356E422C26372CF200DE8317 /* Debug */,
				356E422D26372CF200DE8317 /* Release */,
			);
			defaultConfigurationIsVisible = 0;
			defaultConfigurationName = Release;
		};
		356E422E26372CF200DE8317 /* Build configuration list for PBXNativeTarget "SwiftUICoreDataUITests" */ = {
			isa = XCConfigurationList;
			buildConfigurations = (
				356E422F26372CF200DE8317 /* Debug */,
				356E423026372CF200DE8317 /* Release */,
			);
			defaultConfigurationIsVisible = 0;
			defaultConfigurationName = Release;
		};
/* End XCConfigurationList section */
	};
	rootObject = 356E41FB26372CF000DE8317 /* Project object */;
}
